{
  "version": 4,
  "terraform_version": "1.9.8",
  "serial": 1,
  "lineage": "7381d493-e401-691c-dcb0-5e5621a5dcd2",
  "outputs": {},
  "resources": [
    {
      "mode": "managed",
      "type": "local_file",
      "name": "helloworld",
      "provider": "provider[\"registry.terraform.io/hashicorp/local\"]",
      "instances": [
        {
          "schema_version": 0,
          "attributes": {
            "content": "Hello ATU student",
            "content_base64": null,
            "content_base64sha256": "TWAwWMYy5A92XRGZXLbyiOLZ8gl9FpgQKicnVv5Y97E=",
            "content_base64sha512": "KmU1UT4EGVijLrruceXeM3UbxCkFu1F3CmCnyL9WyN2avk4lryO+SdR97aTqjM5PqC9CYrXcesDcREWbqPzk4w==",
            "content_md5": "d22ac26ee8cb484ef36d946a8a75a39c",
            "content_sha1": "0c1675de94eab1f647bf1286c9cdb4dcec6c49e7",
            "content_sha256": "4d603058c632e40f765d11995cb6f288e2d9f2097d1698102a272756fe58f7b1",
            "content_sha512": "2a6535513e041958a32ebaee71e5de33751bc42905bb51770a60a7c8bf56c8dd9abe4e25af23be49d47deda4ea8cce4fa82f4262b5dc7ac0dc44459ba8fce4e3",
            "directory_permission": "0777",
            "file_permission": "0777",
            "filename": "hello.txt",
            "id": "0c1675de94eab1f647bf1286c9cdb4dcec6c49e7",
            "sensitive_content": null,
            "source": null
          },
          "sensitive_attributes": [
            [
              {
                "type": "get_attr",
                "value": "sensitive_content"
              }
            ]
          ]
        }
      ]
    }
  ],
  "check_results": null
}
